
Microsoft Visual Studio Solution File, Format Version 12.00
# Visual Studio Version 17
VisualStudioVersion = 17.3.32901.215
MinimumVisualStudioVersion = 10.0.40219.1
Project("{FAE04EC0-301F-11D3-BF4B-00C04F79EFBC}") = "MyHomeIsMyCastle", "MyHomeIsMyCastle\MyHomeIsMyCastle.csproj", "{C71B1FC5-7A49-4A34-A23C-DB6A8E79F526}"
EndProject
Global
	GlobalSection(SolutionConfigurationPlatforms) = preSolution
		Debug|Any CPU = Debug|Any CPU
		Release|Any CPU = Release|Any CPU
	EndGlobalSection
	GlobalSection(ProjectConfigurationPlatforms) = postSolution
		{C71B1FC5-7A49-4A34-A23C-DB6A8E79F526}.Debug|Any CPU.ActiveCfg = Debug|Any CPU
		{C71B1FC5-7A49-4A34-A23C-DB6A8E79F526}.Debug|Any CPU.Build.0 = Debug|Any CPU
		{C71B1FC5-7A49-4A34-A23C-DB6A8E79F526}.Release|Any CPU.ActiveCfg = Release|Any CPU
		{C71B1FC5-7A49-4A34-A23C-DB6A8E79F526}.Release|Any CPU.Build.0 = Release|Any CPU
	EndGlobalSection
	GlobalSection(SolutionProperties) = preSolution
		HideSolutionNode = FALSE
	EndGlobalSection
	GlobalSection(ExtensibilityGlobals) = postSolution
		SolutionGuid = {C0A00E39-854D-4485-A572-59F188411D28}
	EndGlobalSection
EndGlobal
